
Microsoft Visual Studio Solution File, Format Version 12.00
# Visual Studio 2013
VisualStudioVersion = 12.0.30723.0
MinimumVisualStudioVersion = 10.0.40219.1
Project("{FAE04EC0-301F-11D3-BF4B-00C04F79EFBC}") = "ConsoleApplication48", "ConsoleApplication48\ConsoleApplication48.csproj", "{DA54BDE4-CBD3-4FA3-BAAD-60F9A6E67537}"
EndProject
Global
	GlobalSection(SolutionConfigurationPlatforms) = preSolution
		Debug|Any CPU = Debug|Any CPU
		Release|Any CPU = Release|Any CPU
	EndGlobalSection
	GlobalSection(ProjectConfigurationPlatforms) = postSolution
		{DA54BDE4-CBD3-4FA3-BAAD-60F9A6E67537}.Debug|Any CPU.ActiveCfg = Debug|Any CPU
		{DA54BDE4-CBD3-4FA3-BAAD-60F9A6E67537}.Debug|Any CPU.Build.0 = Debug|Any CPU
		{DA54BDE4-CBD3-4FA3-BAAD-60F9A6E67537}.Release|Any CPU.ActiveCfg = Release|Any CPU
		{DA54BDE4-CBD3-4FA3-BAAD-60F9A6E67537}.Release|Any CPU.Build.0 = Release|Any CPU
	EndGlobalSection
	GlobalSection(SolutionProperties) = preSolution
		HideSolutionNode = FALSE
	EndGlobalSection
EndGlobal
